
Microsoft Visual Studio Solution File, Format Version 12.00
# Visual Studio Version 17
VisualStudioVersion = 17.11.35327.3
MinimumVisualStudioVersion = 10.0.40219.1
Project("{FAE04EC0-301F-11D3-BF4B-00C04F79EFBC}") = "Algorithms", "Algorithms\Algorithms.csproj", "{7C76536B-81B6-4F6E-B59C-BCAC63817DE1}"
EndProject
Global
	GlobalSection(SolutionConfigurationPlatforms) = preSolution
		Debug|Any CPU = Debug|Any CPU
		Release|Any CPU = Release|Any CPU
	EndGlobalSection
	GlobalSection(ProjectConfigurationPlatforms) = postSolution
		{7C76536B-81B6-4F6E-B59C-BCAC63817DE1}.Debug|Any CPU.ActiveCfg = Debug|Any CPU
		{7C76536B-81B6-4F6E-B59C-BCAC63817DE1}.Debug|Any CPU.Build.0 = Debug|Any CPU
		{7C76536B-81B6-4F6E-B59C-BCAC63817DE1}.Release|Any CPU.ActiveCfg = Release|Any CPU
		{7C76536B-81B6-4F6E-B59C-BCAC63817DE1}.Release|Any CPU.Build.0 = Release|Any CPU
	EndGlobalSection
	GlobalSection(SolutionProperties) = preSolution
		HideSolutionNode = FALSE
	EndGlobalSection
	GlobalSection(ExtensibilityGlobals) = postSolution
		SolutionGuid = {909E889D-9D54-4F89-9EDB-D4D789ADB4FD}
	EndGlobalSection
EndGlobal
